
Microsoft Visual Studio Solution File, Format Version 12.00
# Visual Studio Version 17
VisualStudioVersion = 17.7.34009.444
MinimumVisualStudioVersion = 10.0.40219.1
Project("{FAE04EC0-301F-11D3-BF4B-00C04F79EFBC}") = "Mindstorm Simulator", "Mindstorm Simulator.csproj", "{9D7561E2-C029-40F3-97F6-AB8988ABAEC1}"
EndProject
Global
	GlobalSection(SolutionConfigurationPlatforms) = preSolution
		Debug|Any CPU = Debug|Any CPU
		Release|Any CPU = Release|Any CPU
	EndGlobalSection
	GlobalSection(ProjectConfigurationPlatforms) = postSolution
		{9D7561E2-C029-40F3-97F6-AB8988ABAEC1}.Debug|Any CPU.ActiveCfg = Debug|Any CPU
		{9D7561E2-C029-40F3-97F6-AB8988ABAEC1}.Debug|Any CPU.Build.0 = Debug|Any CPU
		{9D7561E2-C029-40F3-97F6-AB8988ABAEC1}.Release|Any CPU.ActiveCfg = Release|Any CPU
		{9D7561E2-C029-40F3-97F6-AB8988ABAEC1}.Release|Any CPU.Build.0 = Release|Any CPU
	EndGlobalSection
	GlobalSection(SolutionProperties) = preSolution
		HideSolutionNode = FALSE
	EndGlobalSection
	GlobalSection(ExtensibilityGlobals) = postSolution
		SolutionGuid = {58517D52-9CD2-45D6-AE5F-04EF98C426DA}
	EndGlobalSection
EndGlobal
